langcode: en
status: true
dependencies:
  config:
    - commerce_order.commerce_order_item_type.standard
    - core.entity_view_mode.commerce_order_item.cart_block
_core:
id: commerce_order_item.standard.cart_block
targetEntityType: commerce_order_item
bundle: standard
mode: cart_block
content:
  created:
    label: hidden
    type: timestamp
    weight: 1
    region: content
    settings:
      date_format: medium
      custom_date_format: ''
      timezone: ''
    third_party_settings: {  }
  purchased_entity:
    type: entity_reference_entity_view
    weight: 0
    region: content
    label: hidden
    settings:
      view_mode: cart_block
      link: false
    third_party_settings: {  }
hidden:
  adjustments: true
  quantity: true
  search_api_excerpt: true
  total_price: true
  unit_price: true
